
Microsoft Visual Studio Solution File, Format Version 12.00
# Visual Studio Version 17
VisualStudioVersion = 17.8.34525.116
MinimumVisualStudioVersion = 10.0.40219.1
Project("{FAE04EC0-301F-11D3-BF4B-00C04F79EFBC}") = "FormFuncionario", "FormFuncionario.csproj", "{92890B26-94E3-4DD1-998B-27DAFB06E49D}"
EndProject
Global
	GlobalSection(SolutionConfigurationPlatforms) = preSolution
		Debug|Any CPU = Debug|Any CPU
		Release|Any CPU = Release|Any CPU
	EndGlobalSection
	GlobalSection(ProjectConfigurationPlatforms) = postSolution
		{92890B26-94E3-4DD1-998B-27DAFB06E49D}.Debug|Any CPU.ActiveCfg = Debug|Any CPU
		{92890B26-94E3-4DD1-998B-27DAFB06E49D}.Debug|Any CPU.Build.0 = Debug|Any CPU
		{92890B26-94E3-4DD1-998B-27DAFB06E49D}.Release|Any CPU.ActiveCfg = Release|Any CPU
		{92890B26-94E3-4DD1-998B-27DAFB06E49D}.Release|Any CPU.Build.0 = Release|Any CPU
	EndGlobalSection
	GlobalSection(SolutionProperties) = preSolution
		HideSolutionNode = FALSE
	EndGlobalSection
	GlobalSection(ExtensibilityGlobals) = postSolution
		SolutionGuid = {FB06A55A-1814-480C-AAD9-519A76440C2E}
	EndGlobalSection
EndGlobal
